
Microsoft Visual Studio Solution File, Format Version 12.00
# Visual Studio Version 16
VisualStudioVersion = 16.0.31424.327
MinimumVisualStudioVersion = 10.0.40219.1
Project("{FAE04EC0-301F-11D3-BF4B-00C04F79EFBC}") = "фрукти", "фрукти.csproj", "{7DEAC209-933E-4373-906F-F7C4ACC201DA}"
EndProject
Global
	GlobalSection(SolutionConfigurationPlatforms) = preSolution
		Debug|Any CPU = Debug|Any CPU
		Release|Any CPU = Release|Any CPU
	EndGlobalSection
	GlobalSection(ProjectConfigurationPlatforms) = postSolution
		{7DEAC209-933E-4373-906F-F7C4ACC201DA}.Debug|Any CPU.ActiveCfg = Debug|Any CPU
		{7DEAC209-933E-4373-906F-F7C4ACC201DA}.Debug|Any CPU.Build.0 = Debug|Any CPU
		{7DEAC209-933E-4373-906F-F7C4ACC201DA}.Release|Any CPU.ActiveCfg = Release|Any CPU
		{7DEAC209-933E-4373-906F-F7C4ACC201DA}.Release|Any CPU.Build.0 = Release|Any CPU
	EndGlobalSection
	GlobalSection(SolutionProperties) = preSolution
		HideSolutionNode = FALSE
	EndGlobalSection
	GlobalSection(ExtensibilityGlobals) = postSolution
		SolutionGuid = {099886E7-EA39-4769-98FD-DD82CFA283E1}
	EndGlobalSection
EndGlobal
